# THIS IS AN AUTOGENERATED FILE. DO NOT EDIT THIS FILE DIRECTLY.
# yarn lockfile v1


"@lunaeme/circe-core@^0.4.11":
  version "0.4.11"
  resolved "https://registry.yarnpkg.com/@lunaeme/circe-core/-/circe-core-0.4.11.tgz#23e746ea43fb279488084cff5ecddb35e7b49561"
  integrity sha512-qZvXuEm+xIBNhQssLnkmPbRmR5R0RTgysb/VyPY+S9ER0bDJ6YEMxkO2bMOTbNgMcjQE8SZoWEAROAj9NiOyTw==
  dependencies:
    lodash "^4.17.15"
    ngx-order-pipe "^2.0.4"
    uuid "^8.0.0"

lodash@^4.17.15:
  version "4.17.21"
  resolved "https://registry.yarnpkg.com/lodash/-/lodash-4.17.21.tgz#679591c564c3bffaae8454cf0b3df370c3d6911c"
  integrity sha512-v2kDEe57lecTulaDIuNTPy3Ry4gLGJ6Z1O3vE1krgXZNrsQ+LFTGHVxVjcXPs17LhbZVGedAJv8XZ1tvj5FvSg==

ngx-order-pipe@^2.0.4:
  version "2.0.4"
  resolved "https://registry.yarnpkg.com/ngx-order-pipe/-/ngx-order-pipe-2.0.4.tgz#8152278e655706852536e1914ffa5321eb91d12f"
  integrity sha512-ugQ/f2cl5sYLDBSL1XMPflpla9kyqJv2r0zYKhlRH+P+ay4mpyW5PYQUfveN7Aaqzfot0HMwN99k/cGXcKKWNw==
  dependencies:
    tslib "^1.9.0"

tslib@^1.9.0:
  version "1.13.0"
  resolved "https://registry.yarnpkg.com/tslib/-/tslib-1.13.0.tgz#c881e13cc7015894ed914862d276436fa9a47043"
  integrity sha512-i/6DQjL8Xf3be4K/E6Wgpekn5Qasl1usyw++dAA35Ue5orEn65VIxOA+YvNNl9HV3qv70T7CNwjODHZrLwvd1Q==

uuid@^8.0.0:
  version "8.0.0"
  resolved "https://registry.yarnpkg.com/uuid/-/uuid-8.0.0.tgz#bc6ccf91b5ff0ac07bbcdbf1c7c4e150db4dbb6c"
  integrity sha512-jOXGuXZAWdsTH7eZLtyXMqUb9EcWMGZNbL9YcGBJl4MH4nrxHmZJhEHvyLFrkxo+28uLb/NYRcStH48fnD0Vzw==
